go.melnyk.org/hufid v1.0.0 h1:KBqKwXUCJxnMemQlcWPzcGPl0wq15Z1p8pqoxZXe9y8=
go.melnyk.org/hufid v1.0.0/go.mod h1:MaFbCmjSZ4mWqdptJN+RUvuzJim0qmRrNkPh4vkoYtA=
golang.org/x/sys v0.9.0 h1:KS/R3tvhPqvJvwcKfnBHJwwthS11LRhmM5D59eEXa0s=
golang.org/x/sys v0.9.0/go.mod h1:oPkhp1MJrh7nUepCBck5+mAzfO9JrbApNNgaTdGDITg=
